
Microsoft Visual Studio Solution File, Format Version 12.00
# Visual Studio Version 17
Project("{2150E333-8FDC-42A3-9474-1A3956D46DE8}") = "CMakePredefinedTargets", "CMakePredefinedTargets", "{AB9CECB9-7701-3345-8665-5D7A06FBC08B}"
EndProject
Project("{2150E333-8FDC-42A3-9474-1A3956D46DE8}") = "GLFW3", "GLFW3", "{70D2E19E-DF6D-3E0B-89E5-D55E999BC53F}"
EndProject
Project("{8BC9CEB8-8B4A-11D0-8D11-00A0C91BC942}") = "Assignment2", "Assignment2.vcxproj", "{70CFC04B-21DB-33C3-B546-AE8E3898054B}"
	ProjectSection(ProjectDependencies) = postProject
		{C1658DD5-CD5C-389D-AFF7-81EDA139BA5A} = {C1658DD5-CD5C-389D-AFF7-81EDA139BA5A}
		{F65214D0-7ACA-3FF4-9F34-C9A73C298BDE} = {F65214D0-7ACA-3FF4-9F34-C9A73C298BDE}
	EndProjectSection
EndProject
Project("{8BC9CEB8-8B4A-11D0-8D11-00A0C91BC942}") = "ALL_BUILD", "ALL_BUILD.vcxproj", "{4C814ECF-3AE0-3BFF-AFE2-5729B3EC323B}"
	ProjectSection(ProjectDependencies) = postProject
		{70CFC04B-21DB-33C3-B546-AE8E3898054B} = {70CFC04B-21DB-33C3-B546-AE8E3898054B}
		{C1658DD5-CD5C-389D-AFF7-81EDA139BA5A} = {C1658DD5-CD5C-389D-AFF7-81EDA139BA5A}
		{F65214D0-7ACA-3FF4-9F34-C9A73C298BDE} = {F65214D0-7ACA-3FF4-9F34-C9A73C298BDE}
	EndProjectSection
EndProject
Project("{8BC9CEB8-8B4A-11D0-8D11-00A0C91BC942}") = "INSTALL", "INSTALL.vcxproj", "{01B578BC-752E-34F7-9C17-B9F5618BF6AF}"
	ProjectSection(ProjectDependencies) = postProject
		{4C814ECF-3AE0-3BFF-AFE2-5729B3EC323B} = {4C814ECF-3AE0-3BFF-AFE2-5729B3EC323B}
		{C1658DD5-CD5C-389D-AFF7-81EDA139BA5A} = {C1658DD5-CD5C-389D-AFF7-81EDA139BA5A}
	EndProjectSection
EndProject
Project("{8BC9CEB8-8B4A-11D0-8D11-00A0C91BC942}") = "ZERO_CHECK", "ZERO_CHECK.vcxproj", "{C1658DD5-CD5C-389D-AFF7-81EDA139BA5A}"
	ProjectSection(ProjectDependencies) = postProject
	EndProjectSection
EndProject
Project("{8BC9CEB8-8B4A-11D0-8D11-00A0C91BC942}") = "glfw", "C:\Users\Zack W\Documents\Fall24 CSCE 441\glfw-3.4\debug\src\glfw.vcxproj", "{F65214D0-7ACA-3FF4-9F34-C9A73C298BDE}"
	ProjectSection(ProjectDependencies) = postProject
		{C1658DD5-CD5C-389D-AFF7-81EDA139BA5A} = {C1658DD5-CD5C-389D-AFF7-81EDA139BA5A}
	EndProjectSection
EndProject
Project("{8BC9CEB8-8B4A-11D0-8D11-00A0C91BC942}") = "uninstall", "C:\Users\Zack W\Documents\Fall24 CSCE 441\glfw-3.4\debug\uninstall.vcxproj", "{6F3758DD-9B0A-3C1C-9886-74E9D524D7AA}"
	ProjectSection(ProjectDependencies) = postProject
		{C1658DD5-CD5C-389D-AFF7-81EDA139BA5A} = {C1658DD5-CD5C-389D-AFF7-81EDA139BA5A}
	EndProjectSection
EndProject
Project("{8BC9CEB8-8B4A-11D0-8D11-00A0C91BC942}") = "update_mappings", "C:\Users\Zack W\Documents\Fall24 CSCE 441\glfw-3.4\debug\src\update_mappings.vcxproj", "{26BAE8C3-6A2E-328C-A56C-FC7A2C04806C}"
	ProjectSection(ProjectDependencies) = postProject
		{C1658DD5-CD5C-389D-AFF7-81EDA139BA5A} = {C1658DD5-CD5C-389D-AFF7-81EDA139BA5A}
	EndProjectSection
EndProject
Global
	GlobalSection(SolutionConfigurationPlatforms) = preSolution
		Debug|x64 = Debug|x64
		Release|x64 = Release|x64
		MinSizeRel|x64 = MinSizeRel|x64
		RelWithDebInfo|x64 = RelWithDebInfo|x64
	EndGlobalSection
	GlobalSection(ProjectConfigurationPlatforms) = postSolution
		{70CFC04B-21DB-33C3-B546-AE8E3898054B}.Debug|x64.ActiveCfg = Debug|x64
		{70CFC04B-21DB-33C3-B546-AE8E3898054B}.Debug|x64.Build.0 = Debug|x64
		{70CFC04B-21DB-33C3-B546-AE8E3898054B}.Release|x64.ActiveCfg = Release|x64
		{70CFC04B-21DB-33C3-B546-AE8E3898054B}.Release|x64.Build.0 = Release|x64
		{70CFC04B-21DB-33C3-B546-AE8E3898054B}.MinSizeRel|x64.ActiveCfg = MinSizeRel|x64
		{70CFC04B-21DB-33C3-B546-AE8E3898054B}.MinSizeRel|x64.Build.0 = MinSizeRel|x64
		{70CFC04B-21DB-33C3-B546-AE8E3898054B}.RelWithDebInfo|x64.ActiveCfg = RelWithDebInfo|x64
		{70CFC04B-21DB-33C3-B546-AE8E3898054B}.RelWithDebInfo|x64.Build.0 = RelWithDebInfo|x64
		{4C814ECF-3AE0-3BFF-AFE2-5729B3EC323B}.Debug|x64.ActiveCfg = Debug|x64
		{4C814ECF-3AE0-3BFF-AFE2-5729B3EC323B}.Debug|x64.Build.0 = Debug|x64
		{4C814ECF-3AE0-3BFF-AFE2-5729B3EC323B}.Release|x64.ActiveCfg = Release|x64
		{4C814ECF-3AE0-3BFF-AFE2-5729B3EC323B}.Release|x64.Build.0 = Release|x64
		{4C814ECF-3AE0-3BFF-AFE2-5729B3EC323B}.MinSizeRel|x64.ActiveCfg = MinSizeRel|x64
		{4C814ECF-3AE0-3BFF-AFE2-5729B3EC323B}.MinSizeRel|x64.Build.0 = MinSizeRel|x64
		{4C814ECF-3AE0-3BFF-AFE2-5729B3EC323B}.RelWithDebInfo|x64.ActiveCfg = RelWithDebInfo|x64
		{4C814ECF-3AE0-3BFF-AFE2-5729B3EC323B}.RelWithDebInfo|x64.Build.0 = RelWithDebInfo|x64
		{01B578BC-752E-34F7-9C17-B9F5618BF6AF}.Debug|x64.ActiveCfg = Debug|x64
		{01B578BC-752E-34F7-9C17-B9F5618BF6AF}.Release|x64.ActiveCfg = Release|x64
		{01B578BC-752E-34F7-9C17-B9F5618BF6AF}.MinSizeRel|x64.ActiveCfg = MinSizeRel|x64
		{01B578BC-752E-34F7-9C17-B9F5618BF6AF}.RelWithDebInfo|x64.ActiveCfg = RelWithDebInfo|x64
		{C1658DD5-CD5C-389D-AFF7-81EDA139BA5A}.Debug|x64.ActiveCfg = Debug|x64
		{C1658DD5-CD5C-389D-AFF7-81EDA139BA5A}.Debug|x64.Build.0 = Debug|x64
		{C1658DD5-CD5C-389D-AFF7-81EDA139BA5A}.Release|x64.ActiveCfg = Release|x64
		{C1658DD5-CD5C-389D-AFF7-81EDA139BA5A}.Release|x64.Build.0 = Release|x64
		{C1658DD5-CD5C-389D-AFF7-81EDA139BA5A}.MinSizeRel|x64.ActiveCfg = MinSizeRel|x64
		{C1658DD5-CD5C-389D-AFF7-81EDA139BA5A}.MinSizeRel|x64.Build.0 = MinSizeRel|x64
		{C1658DD5-CD5C-389D-AFF7-81EDA139BA5A}.RelWithDebInfo|x64.ActiveCfg = RelWithDebInfo|x64
		{C1658DD5-CD5C-389D-AFF7-81EDA139BA5A}.RelWithDebInfo|x64.Build.0 = RelWithDebInfo|x64
		{F65214D0-7ACA-3FF4-9F34-C9A73C298BDE}.Debug|x64.ActiveCfg = Debug|x64
		{F65214D0-7ACA-3FF4-9F34-C9A73C298BDE}.Debug|x64.Build.0 = Debug|x64
		{F65214D0-7ACA-3FF4-9F34-C9A73C298BDE}.Release|x64.ActiveCfg = Release|x64
		{F65214D0-7ACA-3FF4-9F34-C9A73C298BDE}.Release|x64.Build.0 = Release|x64
		{F65214D0-7ACA-3FF4-9F34-C9A73C298BDE}.MinSizeRel|x64.ActiveCfg = MinSizeRel|x64
		{F65214D0-7ACA-3FF4-9F34-C9A73C298BDE}.MinSizeRel|x64.Build.0 = MinSizeRel|x64
		{F65214D0-7ACA-3FF4-9F34-C9A73C298BDE}.RelWithDebInfo|x64.ActiveCfg = RelWithDebInfo|x64
		{F65214D0-7ACA-3FF4-9F34-C9A73C298BDE}.RelWithDebInfo|x64.Build.0 = RelWithDebInfo|x64
		{6F3758DD-9B0A-3C1C-9886-74E9D524D7AA}.Debug|x64.ActiveCfg = Debug|x64
		{6F3758DD-9B0A-3C1C-9886-74E9D524D7AA}.Release|x64.ActiveCfg = Release|x64
		{6F3758DD-9B0A-3C1C-9886-74E9D524D7AA}.MinSizeRel|x64.ActiveCfg = MinSizeRel|x64
		{6F3758DD-9B0A-3C1C-9886-74E9D524D7AA}.RelWithDebInfo|x64.ActiveCfg = RelWithDebInfo|x64
		{26BAE8C3-6A2E-328C-A56C-FC7A2C04806C}.Debug|x64.ActiveCfg = Debug|x64
		{26BAE8C3-6A2E-328C-A56C-FC7A2C04806C}.Release|x64.ActiveCfg = Release|x64
		{26BAE8C3-6A2E-328C-A56C-FC7A2C04806C}.MinSizeRel|x64.ActiveCfg = MinSizeRel|x64
		{26BAE8C3-6A2E-328C-A56C-FC7A2C04806C}.RelWithDebInfo|x64.ActiveCfg = RelWithDebInfo|x64
	EndGlobalSection
	GlobalSection(NestedProjects) = preSolution
		{4C814ECF-3AE0-3BFF-AFE2-5729B3EC323B} = {AB9CECB9-7701-3345-8665-5D7A06FBC08B}
		{01B578BC-752E-34F7-9C17-B9F5618BF6AF} = {AB9CECB9-7701-3345-8665-5D7A06FBC08B}
		{C1658DD5-CD5C-389D-AFF7-81EDA139BA5A} = {AB9CECB9-7701-3345-8665-5D7A06FBC08B}
		{F65214D0-7ACA-3FF4-9F34-C9A73C298BDE} = {70D2E19E-DF6D-3E0B-89E5-D55E999BC53F}
		{6F3758DD-9B0A-3C1C-9886-74E9D524D7AA} = {70D2E19E-DF6D-3E0B-89E5-D55E999BC53F}
		{26BAE8C3-6A2E-328C-A56C-FC7A2C04806C} = {70D2E19E-DF6D-3E0B-89E5-D55E999BC53F}
	EndGlobalSection
	GlobalSection(ExtensibilityGlobals) = postSolution
		SolutionGuid = {1701C92A-3243-39E7-B8DE-80C798491D3D}
	EndGlobalSection
	GlobalSection(ExtensibilityAddIns) = postSolution
	EndGlobalSection
EndGlobal
