<?xml version="1.0" encoding="utf-8"?>
<Project ToolsVersion="17.0" xmlns="http://schemas.microsoft.com/developer/msbuild/2003">
  <ItemGroup>
    <ClCompile Include="C:\Users\Zack W\Documents\Fall24 CSCE 441\Proj 2\SkeletonCode_02\SkeletonCode\src\MatrixStack.cpp">
      <Filter>Source Files</Filter>
    </ClCompile>
    <ClCompile Include="C:\Users\Zack W\Documents\Fall24 CSCE 441\Proj 2\SkeletonCode_02\SkeletonCode\src\Program.cpp">
      <Filter>Source Files</Filter>
    </ClCompile>
    <ClCompile Include="C:\Users\Zack W\Documents\Fall24 CSCE 441\Proj 2\SkeletonCode_02\SkeletonCode\src\main.cpp">
      <Filter>Source Files</Filter>
    </ClCompile>
  </ItemGroup>
  <ItemGroup>
    <ClInclude Include="C:\Users\Zack W\Documents\Fall24 CSCE 441\Proj 2\SkeletonCode_02\SkeletonCode\src\MatrixStack.h">
      <Filter>Header Files</Filter>
    </ClInclude>
    <ClInclude Include="C:\Users\Zack W\Documents\Fall24 CSCE 441\Proj 2\SkeletonCode_02\SkeletonCode\src\Program.h">
      <Filter>Header Files</Filter>
    </ClInclude>
  </ItemGroup>
  <ItemGroup>
    <CustomBuild Include="C:\Users\Zack W\Documents\Fall24 CSCE 441\Proj 2\SkeletonCode_02\SkeletonCode\CMakeLists.txt" />
  </ItemGroup>
  <ItemGroup>
    <Filter Include="Header Files">
      <UniqueIdentifier>{A5D0A9D6-D26D-34D6-9659-90A7446DF461}</UniqueIdentifier>
    </Filter>
    <Filter Include="Source Files">
      <UniqueIdentifier>{DC9AD74C-EF35-313A-A5EE-F86B279D4B76}</UniqueIdentifier>
    </Filter>
  </ItemGroup>
</Project>
